# THIS IS AN AUTOGENERATED FILE. DO NOT EDIT THIS FILE DIRECTLY.
# yarn lockfile v1


"@types/prop-types@*":
  version "15.7.3"
  resolved "https://registry.yarnpkg.com/@types/prop-types/-/prop-types-15.7.3.tgz#2ab0d5da2e5815f94b0b9d4b95d1e5f243ab2ca7"
  integrity sha512-KfRL3PuHmqQLOG+2tGpRO26Ctg+Cq1E01D2DMriKEATHgWLfeNDmq9e29Q9WIky0dQ3NPkd1mzYH8Lm936Z9qw==

"@types/react-helmet@^5.0.15":
  version "5.0.15"
  resolved "https://registry.yarnpkg.com/@types/react-helmet/-/react-helmet-5.0.15.tgz#af0370617307e9f062c6aee0f1f5588224ce646e"
  integrity sha512-CCjqvecDJTXRrHG8aTc2YECcQCl26za/q+NaBRvy/wtm0Uh38koM2dpv2bG1xJV4ckz3t1lm2/5KU6nt2s9BWg==
  dependencies:
    "@types/react" "*"

"@types/react@*", "@types/react@^16.9.19":
  version "16.9.19"
  resolved "https://registry.yarnpkg.com/@types/react/-/react-16.9.19.tgz#c842aa83ea490007d29938146ff2e4d9e4360c40"
  integrity sha512-LJV97//H+zqKWMms0kvxaKYJDG05U2TtQB3chRLF8MPNs+MQh/H1aGlyDUxjaHvu08EAGerdX2z4LTBc7ns77A==
  dependencies:
    "@types/prop-types" "*"
    csstype "^2.2.0"

csstype@^2.2.0:
  version "2.6.8"
  resolved "https://registry.yarnpkg.com/csstype/-/csstype-2.6.8.tgz#0fb6fc2417ffd2816a418c9336da74d7f07db431"
  integrity sha512-msVS9qTuMT5zwAGCVm4mxfrZ18BNc6Csd0oJAtiFMZ1FAx1CCvy2+5MDmYoix63LM/6NDbNtodCiGYGmFgO0dA==

"js-tokens@^3.0.0 || ^4.0.0":
  version "4.0.0"
  resolved "https://registry.yarnpkg.com/js-tokens/-/js-tokens-4.0.0.tgz#19203fb59991df98e3a287050d4647cdeaf32499"
  integrity sha512-RdJUflcE3cUzKiMqQgsCu06FPu9UdIJO0beYbPhHN4k6apgJtifcoCtT9bcxOpYBtpD2kCM6Sbzg4CausW/PKQ==

loose-envify@^1.1.0, loose-envify@^1.4.0:
  version "1.4.0"
  resolved "https://registry.yarnpkg.com/loose-envify/-/loose-envify-1.4.0.tgz#71ee51fa7be4caec1a63839f7e682d8132d30caf"
  integrity sha512-lyuxPGr/Wfhrlem2CL/UcnUc1zcqKAImBDzukY7Y5F/yQiNdko6+fRLevlw1HgMySw7f611UIY408EtxRSoK3Q==
  dependencies:
    js-tokens "^3.0.0 || ^4.0.0"

object-assign@^4.1.1:
  version "4.1.1"
  resolved "https://registry.yarnpkg.com/object-assign/-/object-assign-4.1.1.tgz#2109adc7965887cfc05cbbd442cac8bfbb360863"
  integrity sha1-IQmtx5ZYh8/AXLvUQsrIv7s2CGM=

prop-types@^15.5.4, prop-types@^15.6.2:
  version "15.7.2"
  resolved "https://registry.yarnpkg.com/prop-types/-/prop-types-15.7.2.tgz#52c41e75b8c87e72b9d9360e0206b99dcbffa6c5"
  integrity sha512-8QQikdH7//R2vurIJSutZ1smHYTcLpRWEOlHnzcWHmBYrOGUysKwSsrC89BCiFj3CbrfJ/nXFdJepOVrY1GCHQ==
  dependencies:
    loose-envify "^1.4.0"
    object-assign "^4.1.1"
    react-is "^16.8.1"

react-fast-compare@^2.0.2:
  version "2.0.4"
  resolved "https://registry.yarnpkg.com/react-fast-compare/-/react-fast-compare-2.0.4.tgz#e84b4d455b0fec113e0402c329352715196f81f9"
  integrity sha512-suNP+J1VU1MWFKcyt7RtjiSWUjvidmQSlqu+eHslq+342xCbGTYmC0mEhPCOHxlW0CywylOC1u2DFAT+bv4dBw==

react-helmet@^5.2.1:
  version "5.2.1"
  resolved "https://registry.yarnpkg.com/react-helmet/-/react-helmet-5.2.1.tgz#16a7192fdd09951f8e0fe22ffccbf9bb3e591ffa"
  integrity sha512-CnwD822LU8NDBnjCpZ4ySh8L6HYyngViTZLfBBb3NjtrpN8m49clH8hidHouq20I51Y6TpCTISCBbqiY5GamwA==
  dependencies:
    object-assign "^4.1.1"
    prop-types "^15.5.4"
    react-fast-compare "^2.0.2"
    react-side-effect "^1.1.0"

react-is@^16.8.1:
  version "16.12.0"
  resolved "https://registry.yarnpkg.com/react-is/-/react-is-16.12.0.tgz#2cc0fe0fba742d97fd527c42a13bec4eeb06241c"
  integrity sha512-rPCkf/mWBtKc97aLL9/txD8DZdemK0vkA3JMLShjlJB3Pj3s+lpf1KaBzMfQrAmhMQB0n1cU/SUGgKKBCe837Q==

react-side-effect@^1.1.0:
  version "1.2.0"
  resolved "https://registry.yarnpkg.com/react-side-effect/-/react-side-effect-1.2.0.tgz#0e940c78faba0c73b9b0eba9cd3dda8dfb7e7dae"
  integrity sha512-v1ht1aHg5k/thv56DRcjw+WtojuuDHFUgGfc+bFHOWsF4ZK6C2V57DO0Or0GPsg6+LSTE0M6Ry/gfzhzSwbc5w==
  dependencies:
    shallowequal "^1.0.1"

react@^16.12.0:
  version "16.12.0"
  resolved "https://registry.yarnpkg.com/react/-/react-16.12.0.tgz#0c0a9c6a142429e3614834d5a778e18aa78a0b83"
  integrity sha512-fglqy3k5E+81pA8s+7K0/T3DBCF0ZDOher1elBFzF7O6arXJgzyu/FW+COxFvAWXJoJN9KIZbT2LXlukwphYTA==
  dependencies:
    loose-envify "^1.1.0"
    object-assign "^4.1.1"
    prop-types "^15.6.2"

shallowequal@^1.0.1:
  version "1.1.0"
  resolved "https://registry.yarnpkg.com/shallowequal/-/shallowequal-1.1.0.tgz#188d521de95b9087404fd4dcb68b13df0ae4e7f8"
  integrity sha512-y0m1JoUZSlPAjXVtPPW70aZWfIL/dSP7AFkRnniLCrK/8MDKog3TySTBmckD+RObVxH0v4Tox67+F14PdED2oQ==

typescript@^3.7.5:
  version "3.7.5"
  resolved "https://registry.yarnpkg.com/typescript/-/typescript-3.7.5.tgz#0692e21f65fd4108b9330238aac11dd2e177a1ae"
  integrity sha512-/P5lkRXkWHNAbcJIiHPfRoKqyd7bsyCma1hZNUGfn20qm64T6ZBlrzprymeu918H+mB/0rIg2gGK/BXkhhYgBw==
